
Microsoft Visual Studio Solution File, Format Version 12.00
# Visual Studio Version 17
VisualStudioVersion = 17.1.32407.343
MinimumVisualStudioVersion = 10.0.40219.1
Project("{FAE04EC0-301F-11D3-BF4B-00C04F79EFBC}") = "PB test app", "PB test app\PB test app.csproj", "{5AC5B316-3DDE-4E19-B091-EEB04CAA813A}"
EndProject
Project("{FAE04EC0-301F-11D3-BF4B-00C04F79EFBC}") = "Prize Bond Checker", "Prize Bond Checker\Prize Bond Checker.csproj", "{336A0539-2527-49C2-87DF-448C33644989}"
EndProject
Global
	GlobalSection(SolutionConfigurationPlatforms) = preSolution
		Debug|Any CPU = Debug|Any CPU
		Release|Any CPU = Release|Any CPU
	EndGlobalSection
	GlobalSection(ProjectConfigurationPlatforms) = postSolution
		{5AC5B316-3DDE-4E19-B091-EEB04CAA813A}.Debug|Any CPU.ActiveCfg = Debug|Any CPU
		{5AC5B316-3DDE-4E19-B091-EEB04CAA813A}.Debug|Any CPU.Build.0 = Debug|Any CPU
		{5AC5B316-3DDE-4E19-B091-EEB04CAA813A}.Debug|Any CPU.Deploy.0 = Debug|Any CPU
		{5AC5B316-3DDE-4E19-B091-EEB04CAA813A}.Release|Any CPU.ActiveCfg = Release|Any CPU
		{5AC5B316-3DDE-4E19-B091-EEB04CAA813A}.Release|Any CPU.Build.0 = Release|Any CPU
		{5AC5B316-3DDE-4E19-B091-EEB04CAA813A}.Release|Any CPU.Deploy.0 = Release|Any CPU
		{336A0539-2527-49C2-87DF-448C33644989}.Debug|Any CPU.ActiveCfg = Debug|Any CPU
		{336A0539-2527-49C2-87DF-448C33644989}.Debug|Any CPU.Build.0 = Debug|Any CPU
		{336A0539-2527-49C2-87DF-448C33644989}.Debug|Any CPU.Deploy.0 = Debug|Any CPU
		{336A0539-2527-49C2-87DF-448C33644989}.Release|Any CPU.ActiveCfg = Release|Any CPU
		{336A0539-2527-49C2-87DF-448C33644989}.Release|Any CPU.Build.0 = Release|Any CPU
		{336A0539-2527-49C2-87DF-448C33644989}.Release|Any CPU.Deploy.0 = Release|Any CPU
	EndGlobalSection
	GlobalSection(SolutionProperties) = preSolution
		HideSolutionNode = FALSE
	EndGlobalSection
	GlobalSection(ExtensibilityGlobals) = postSolution
		SolutionGuid = {0C30AB1E-9644-4604-9EBD-F4FEBD24C6D1}
	EndGlobalSection
EndGlobal
